
Microsoft Visual Studio Solution File, Format Version 12.00
# Visual Studio Version 17
VisualStudioVersion = 17.9.34616.47
MinimumVisualStudioVersion = 10.0.40219.1
Project("{FAE04EC0-301F-11D3-BF4B-00C04F79EFBC}") = "pvz", "pvz.csproj", "{3A6D8F60-2A88-4248-BBBB-17B95C36ED20}"
EndProject
Global
	GlobalSection(SolutionConfigurationPlatforms) = preSolution
		Debug|Any CPU = Debug|Any CPU
		Release|Any CPU = Release|Any CPU
	EndGlobalSection
	GlobalSection(ProjectConfigurationPlatforms) = postSolution
		{3A6D8F60-2A88-4248-BBBB-17B95C36ED20}.Debug|Any CPU.ActiveCfg = Debug|Any CPU
		{3A6D8F60-2A88-4248-BBBB-17B95C36ED20}.Debug|Any CPU.Build.0 = Debug|Any CPU
		{3A6D8F60-2A88-4248-BBBB-17B95C36ED20}.Release|Any CPU.ActiveCfg = Release|Any CPU
		{3A6D8F60-2A88-4248-BBBB-17B95C36ED20}.Release|Any CPU.Build.0 = Release|Any CPU
	EndGlobalSection
	GlobalSection(SolutionProperties) = preSolution
		HideSolutionNode = FALSE
	EndGlobalSection
	GlobalSection(ExtensibilityGlobals) = postSolution
		SolutionGuid = {1D209B8F-9A43-4627-8BFE-B865BE9F6F44}
	EndGlobalSection
EndGlobal
